// !$*UTF8*$!
{
	archiveVersion = 1;
	classes = {
	};
	objectVersion = 55;
	objects = {

/* Begin PBXBuildFile section */
		42DDAC0A2913F51600A55F5B /* AppDelegate.swift in Sources */ = {isa = PBXBuildFile; fileRef = 42DDAC092913F51600A55F5B /* AppDelegate.swift */; };
		42DDAC0C2913F51600A55F5B /* SceneDelegate.swift in Sources */ = {isa = PBXBuildFile; fileRef = 42DDAC0B2913F51600A55F5B /* SceneDelegate.swift */; };
		42DDAC0E2913F51600A55F5B /* MailComposeController.swift in Sources */ = {isa = PBXBuildFile; fileRef = 42DDAC0D2913F51600A55F5B /* MailComposeController.swift */; };
		42DDAC132913F51700A55F5B /* Assets.xcassets in Resources */ = {isa = PBXBuildFile; fileRef = 42DDAC122913F51700A55F5B /* Assets.xcassets */; };
		42DDAC162913F51700A55F5B /* LaunchScreen.storyboard in Resources */ = {isa = PBXBuildFile; fileRef = 42DDAC142913F51700A55F5B /* LaunchScreen.storyboard */; };
		42DDAC202913F8EC00A55F5B /* SmtpEmailController.swift in Sources */ = {isa = PBXBuildFile; fileRef = 42DDAC1F2913F8EC00A55F5B /* SmtpEmailController.swift */; };
		50956A4C28C518A8A876267A /* Pods_Swift_Email_Tutorial.framework in Frameworks */ = {isa = PBXBuildFile; fileRef = 2948A4D7FB98272E88BD561B /* Pods_Swift_Email_Tutorial.framework */; };
/* End PBXBuildFile section */

/* Begin PBXFileReference section */
		2948A4D7FB98272E88BD561B /* Pods_Swift_Email_Tutorial.framework */ = {isa = PBXFileReference; explicitFileType = wrapper.framework; includeInIndex = 0; path = Pods_Swift_Email_Tutorial.framework; sourceTree = BUILT_PRODUCTS_DIR; };
		42DDAC062913F51600A55F5B /* Swift-Email-Tutorial.app */ = {isa = PBXFileReference; explicitFileType = wrapper.application; includeInIndex = 0; path = "Swift-Email-Tutorial.app"; sourceTree = BUILT_PRODUCTS_DIR; };
		42DDAC092913F51600A55F5B /* AppDelegate.swift */ = {isa = PBXFileReference; lastKnownFileType = sourcecode.swift; path = AppDelegate.swift; sourceTree = "<group>"; };
		42DDAC0B2913F51600A55F5B /* SceneDelegate.swift */ = {isa = PBXFileReference; lastKnownFileType = sourcecode.swift; path = SceneDelegate.swift; sourceTree = "<group>"; };
		42DDAC0D2913F51600A55F5B /* MailComposeController.swift */ = {isa = PBXFileReference; lastKnownFileType = sourcecode.swift; path = MailComposeController.swift; sourceTree = "<group>"; };
		42DDAC122913F51700A55F5B /* Assets.xcassets */ = {isa = PBXFileReference; lastKnownFileType = folder.assetcatalog; path = Assets.xcassets; sourceTree = "<group>"; };
		42DDAC152913F51700A55F5B /* Base */ = {isa = PBXFileReference; lastKnownFileType = file.storyboard; name = Base; path = Base.lproj/LaunchScreen.storyboard; sourceTree = "<group>"; };
		42DDAC172913F51700A55F5B /* Info.plist */ = {isa = PBXFileReference; lastKnownFileType = text.plist.xml; path = Info.plist; sourceTree = "<group>"; };
		42DDAC1E2913F79600A55F5B /* MailCore2_bridge.h */ = {isa = PBXFileReference; lastKnownFileType = sourcecode.c.h; path = MailCore2_bridge.h; sourceTree = "<group>"; };
		42DDAC1F2913F8EC00A55F5B /* SmtpEmailController.swift */ = {isa = PBXFileReference; lastKnownFileType = sourcecode.swift; path = SmtpEmailController.swift; sourceTree = "<group>"; };
		75CB54994EFB6BF816425ED0 /* Pods-Swift-Email-Tutorial.release.xcconfig */ = {isa = PBXFileReference; includeInIndex = 1; lastKnownFileType = text.xcconfig; name = "Pods-Swift-Email-Tutorial.release.xcconfig"; path = "Target Support Files/Pods-Swift-Email-Tutorial/Pods-Swift-Email-Tutorial.release.xcconfig"; sourceTree = "<group>"; };
		D9570942400EB817CFC4704D /* Pods-Swift-Email-Tutorial.debug.xcconfig */ = {isa = PBXFileReference; includeInIndex = 1; lastKnownFileType = text.xcconfig; name = "Pods-Swift-Email-Tutorial.debug.xcconfig"; path = "Target Support Files/Pods-Swift-Email-Tutorial/Pods-Swift-Email-Tutorial.debug.xcconfig"; sourceTree = "<group>"; };
/* End PBXFileReference section */

/* Begin PBXFrameworksBuildPhase section */
		42DDAC032913F51600A55F5B /* Frameworks */ = {
			isa = PBXFrameworksBuildPhase;
			buildActionMask = 2147483647;
			files = (
				50956A4C28C518A8A876267A /* Pods_Swift_Email_Tutorial.framework in Frameworks */,
			);
			runOnlyForDeploymentPostprocessing = 0;
		};
/* End PBXFrameworksBuildPhase section */

/* Begin PBXGroup section */
		39D13B14AB35A2A14D004356 /* Pods */ = {
			isa = PBXGroup;
			children = (
				D9570942400EB817CFC4704D /* Pods-Swift-Email-Tutorial.debug.xcconfig */,
				75CB54994EFB6BF816425ED0 /* Pods-Swift-Email-Tutorial.release.xcconfig */,
			);
			path = Pods;
			sourceTree = "<group>";
		};
		42DDABFD2913F51600A55F5B = {
			isa = PBXGroup;
			children = (
				42DDAC082913F51600A55F5B /* Swift-Email-Tutorial */,
				42DDAC072913F51600A55F5B /* Products */,
				39D13B14AB35A2A14D004356 /* Pods */,
				A467D01F74685B11C708E73C /* Frameworks */,
			);
			sourceTree = "<group>";
		};
		42DDAC072913F51600A55F5B /* Products */ = {
			isa = PBXGroup;
			children = (
				42DDAC062913F51600A55F5B /* Swift-Email-Tutorial.app */,
			);
			name = Products;
			sourceTree = "<group>";
		};
		42DDAC082913F51600A55F5B /* Swift-Email-Tutorial */ = {
			isa = PBXGroup;
			children = (
				42DDAC0D2913F51600A55F5B /* MailComposeController.swift */,
				42DDAC1F2913F8EC00A55F5B /* SmtpEmailController.swift */,
				42DDAC1D2913F52E00A55F5B /* Supporting */,
				42DDAC172913F51700A55F5B /* Info.plist */,
				42DDAC1E2913F79600A55F5B /* MailCore2_bridge.h */,
			);
			path = "Swift-Email-Tutorial";
			sourceTree = "<group>";
		};
		42DDAC1D2913F52E00A55F5B /* Supporting */ = {
			isa = PBXGroup;
			children = (
				42DDAC092913F51600A55F5B /* AppDelegate.swift */,
				42DDAC0B2913F51600A55F5B /* SceneDelegate.swift */,
				42DDAC122913F51700A55F5B /* Assets.xcassets */,
				42DDAC142913F51700A55F5B /* LaunchScreen.storyboard */,
			);
			path = Supporting;
			sourceTree = "<group>";
		};
		A467D01F74685B11C708E73C /* Frameworks */ = {
			isa = PBXGroup;
			children = (
				2948A4D7FB98272E88BD561B /* Pods_Swift_Email_Tutorial.framework */,
			);
			name = Frameworks;
			sourceTree = "<group>";
		};
/* End PBXGroup section */

/* Begin PBXNativeTarget section */
		42DDAC052913F51600A55F5B /* Swift-Email-Tutorial */ = {
			isa = PBXNativeTarget;
			buildConfigurationList = 42DDAC1A2913F51700A55F5B /* Build configuration list for PBXNativeTarget "Swift-Email-Tutorial" */;
			buildPhases = (
				D1C280A93681DAD1D4B2B05B /* [CP] Check Pods Manifest.lock */,
				42DDAC022913F51600A55F5B /* Sources */,
				42DDAC032913F51600A55F5B /* Frameworks */,
				42DDAC042913F51600A55F5B /* Resources */,
			);
			buildRules = (
			);
			dependencies = (
			);
			name = "Swift-Email-Tutorial";
			productName = "Swift-Email-Tutorial";
			productReference = 42DDAC062913F51600A55F5B /* Swift-Email-Tutorial.app */;
			productType = "com.apple.product-type.application";
		};
/* End PBXNativeTarget section */

/* Begin PBXProject section */
		42DDABFE2913F51600A55F5B /* Project object */ = {
			isa = PBXProject;
			attributes = {
				BuildIndependentTargetsInParallel = 1;
				LastSwiftUpdateCheck = 1320;
				LastUpgradeCheck = 1320;
				TargetAttributes = {
					42DDAC052913F51600A55F5B = {
						CreatedOnToolsVersion = 13.2.1;
					};
				};
			};
			buildConfigurationList = 42DDAC012913F51600A55F5B /* Build configuration list for PBXProject "Swift-Email-Tutorial" */;
			compatibilityVersion = "Xcode 13.0";
			developmentRegion = en;
			hasScannedForEncodings = 0;
			knownRegions = (
				en,
				Base,
			);
			mainGroup = 42DDABFD2913F51600A55F5B;
			productRefGroup = 42DDAC072913F51600A55F5B /* Products */;
			projectDirPath = "";
			projectRoot = "";
			targets = (
				42DDAC052913F51600A55F5B /* Swift-Email-Tutorial */,
			);
		};
/* End PBXProject section */

/* Begin PBXResourcesBuildPhase section */
		42DDAC042913F51600A55F5B /* Resources */ = {
			isa = PBXResourcesBuildPhase;
			buildActionMask = 2147483647;
			files = (
				42DDAC162913F51700A55F5B /* LaunchScreen.storyboard in Resources */,
				42DDAC132913F51700A55F5B /* Assets.xcassets in Resources */,
			);
			runOnlyForDeploymentPostprocessing = 0;
		};
/* End PBXResourcesBuildPhase section */

/* Begin PBXShellScriptBuildPhase section */
		D1C280A93681DAD1D4B2B05B /* [CP] Check Pods Manifest.lock */ = {
			isa = PBXShellScriptBuildPhase;
			buildActionMask = 2147483647;
			files = (
			);
			inputFileListPaths = (
			);
			inputPaths = (
				"${PODS_PODFILE_DIR_PATH}/Podfile.lock",
				"${PODS_ROOT}/Manifest.lock",
			);
			name = "[CP] Check Pods Manifest.lock";
			outputFileListPaths = (
			);
			outputPaths = (
				"$(DERIVED_FILE_DIR)/Pods-Swift-Email-Tutorial-checkManifestLockResult.txt",
			);
			runOnlyForDeploymentPostprocessing = 0;
			shellPath = /bin/sh;
			shellScript = "diff \"${PODS_PODFILE_DIR_PATH}/Podfile.lock\" \"${PODS_ROOT}/Manifest.lock\" > /dev/null\nif [ $? != 0 ] ; then\n    # print error to STDERR\n    echo \"error: The sandbox is not in sync with the Podfile.lock. Run 'pod install' or update your CocoaPods installation.\" >&2\n    exit 1\nfi\n# This output is used by Xcode 'outputs' to avoid re-running this script phase.\necho \"SUCCESS\" > \"${SCRIPT_OUTPUT_FILE_0}\"\n";
			showEnvVarsInLog = 0;
		};
/* End PBXShellScriptBuildPhase section */

/* Begin PBXSourcesBuildPhase section */
		42DDAC022913F51600A55F5B /* Sources */ = {
			isa = PBXSourcesBuildPhase;
			buildActionMask = 2147483647;
			files = (
				42DDAC202913F8EC00A55F5B /* SmtpEmailController.swift in Sources */,
				42DDAC0E2913F51600A55F5B /* MailComposeController.swift in Sources */,
				42DDAC0A2913F51600A55F5B /* AppDelegate.swift in Sources */,
				42DDAC0C2913F51600A55F5B /* SceneDelegate.swift in Sources */,
			);
			runOnlyForDeploymentPostprocessing = 0;
		};
/* End PBXSourcesBuildPhase section */

/* Begin PBXVariantGroup section */
		42DDAC142913F51700A55F5B /* LaunchScreen.storyboard */ = {
			isa = PBXVariantGroup;
			children = (
				42DDAC152913F51700A55F5B /* Base */,
			);
			name = LaunchScreen.storyboard;
			sourceTree = "<group>";
		};
/* End PBXVariantGroup section */

/* Begin XCBuildConfiguration section */
		42DDAC182913F51700A55F5B /* Debug */ = {
			isa = XCBuildConfiguration;
			buildSettings = {
				ALWAYS_SEARCH_USER_PATHS = NO;
				CLANG_ANALYZER_NONNULL = YES;
				CLANG_ANALYZER_NUMBER_OBJECT_CONVERSION = YES_AGGRESSIVE;
				CLANG_CXX_LANGUAGE_STANDARD = "gnu++17";
				CLANG_CXX_LIBRARY = "libc++";
				CLANG_ENABLE_MODULES = YES;
				CLANG_ENABLE_OBJC_ARC = YES;
				CLANG_ENABLE_OBJC_WEAK = YES;
				CLANG_WARN_BLOCK_CAPTURE_AUTORELEASING = YES;
				CLANG_WARN_BOOL_CONVERSION = YES;
				CLANG_WARN_COMMA = YES;
				CLANG_WARN_CONSTANT_CONVERSION = YES;
				CLANG_WARN_DEPRECATED_OBJC_IMPLEMENTATIONS = YES;
				CLANG_WARN_DIRECT_OBJC_ISA_USAGE = YES_ERROR;
				CLANG_WARN_DOCUMENTATION_COMMENTS = YES;
				CLANG_WARN_EMPTY_BODY = YES;
				CLANG_WARN_ENUM_CONVERSION = YES;
				CLANG_WARN_INFINITE_RECURSION = YES;
				CLANG_WARN_INT_CONVERSION = YES;
				CLANG_WARN_NON_LITERAL_NULL_CONVERSION = YES;
				CLANG_WARN_OBJC_IMPLICIT_RETAIN_SELF = YES;
				CLANG_WARN_OBJC_LITERAL_CONVERSION = YES;
				CLANG_WARN_OBJC_ROOT_CLASS = YES_ERROR;
				CLANG_WARN_QUOTED_INCLUDE_IN_FRAMEWORK_HEADER = YES;
				CLANG_WARN_RANGE_LOOP_ANALYSIS = YES;
				CLANG_WARN_STRICT_PROTOTYPES = YES;
				CLANG_WARN_SUSPICIOUS_MOVE = YES;
				CLANG_WARN_UNGUARDED_AVAILABILITY = YES_AGGRESSIVE;
				CLANG_WARN_UNREACHABLE_CODE = YES;
				CLANG_WARN__DUPLICATE_METHOD_MATCH = YES;
				COPY_PHASE_STRIP = NO;
				DEBUG_INFORMATION_FORMAT = dwarf;
				ENABLE_STRICT_OBJC_MSGSEND = YES;
				ENABLE_TESTABILITY = YES;
				GCC_C_LANGUAGE_STANDARD = gnu11;
				GCC_DYNAMIC_NO_PIC = NO;
				GCC_NO_COMMON_BLOCKS = YES;
				GCC_OPTIMIZATION_LEVEL = 0;
				GCC_PREPROCESSOR_DEFINITIONS = (
					"DEBUG=1",
					"$(inherited)",
				);
				GCC_WARN_64_TO_32_BIT_CONVERSION = YES;
				GCC_WARN_ABOUT_RETURN_TYPE = YES_ERROR;
				GCC_WARN_UNDECLARED_SELECTOR = YES;
				GCC_WARN_UNINITIALIZED_AUTOS = YES_AGGRESSIVE;
				GCC_WARN_UNUSED_FUNCTION = YES;
				GCC_WARN_UNUSED_VARIABLE = YES;
				IPHONEOS_DEPLOYMENT_TARGET = 15.2;
				MTL_ENABLE_DEBUG_INFO = INCLUDE_SOURCE;
				MTL_FAST_MATH = YES;
				ONLY_ACTIVE_ARCH = YES;
				SDKROOT = iphoneos;
				SWIFT_ACTIVE_COMPILATION_CONDITIONS = DEBUG;
				SWIFT_OPTIMIZATION_LEVEL = "-Onone";
			};
			name = Debug;
		};
		42DDAC192913F51700A55F5B /* Release */ = {
			isa = XCBuildConfiguration;
			buildSettings = {
				ALWAYS_SEARCH_USER_PATHS = NO;
				CLANG_ANALYZER_NONNULL = YES;
				CLANG_ANALYZER_NUMBER_OBJECT_CONVERSION = YES_AGGRESSIVE;
				CLANG_CXX_LANGUAGE_STANDARD = "gnu++17";
				CLANG_CXX_LIBRARY = "libc++";
				CLANG_ENABLE_MODULES = YES;
				CLANG_ENABLE_OBJC_ARC = YES;
				CLANG_ENABLE_OBJC_WEAK = YES;
				CLANG_WARN_BLOCK_CAPTURE_AUTORELEASING = YES;
				CLANG_WARN_BOOL_CONVERSION = YES;
				CLANG_WARN_COMMA = YES;
				CLANG_WARN_CONSTANT_CONVERSION = YES;
				CLANG_WARN_DEPRECATED_OBJC_IMPLEMENTATIONS = YES;
				CLANG_WARN_DIRECT_OBJC_ISA_USAGE = YES_ERROR;
				CLANG_WARN_DOCUMENTATION_COMMENTS = YES;
				CLANG_WARN_EMPTY_BODY = YES;
				CLANG_WARN_ENUM_CONVERSION = YES;
				CLANG_WARN_INFINITE_RECURSION = YES;
				CLANG_WARN_INT_CONVERSION = YES;
				CLANG_WARN_NON_LITERAL_NULL_CONVERSION = YES;
				CLANG_WARN_OBJC_IMPLICIT_RETAIN_SELF = YES;
				CLANG_WARN_OBJC_LITERAL_CONVERSION = YES;
				CLANG_WARN_OBJC_ROOT_CLASS = YES_ERROR;
				CLANG_WARN_QUOTED_INCLUDE_IN_FRAMEWORK_HEADER = YES;
				CLANG_WARN_RANGE_LOOP_ANALYSIS = YES;
				CLANG_WARN_STRICT_PROTOTYPES = YES;
				CLANG_WARN_SUSPICIOUS_MOVE = YES;
				CLANG_WARN_UNGUARDED_AVAILABILITY = YES_AGGRESSIVE;
				CLANG_WARN_UNREACHABLE_CODE = YES;
				CLANG_WARN__DUPLICATE_METHOD_MATCH = YES;
				COPY_PHASE_STRIP = NO;
				DEBUG_INFORMATION_FORMAT = "dwarf-with-dsym";
				ENABLE_NS_ASSERTIONS = NO;
				ENABLE_STRICT_OBJC_MSGSEND = YES;
				GCC_C_LANGUAGE_STANDARD = gnu11;
				GCC_NO_COMMON_BLOCKS = YES;
				GCC_WARN_64_TO_32_BIT_CONVERSION = YES;
				GCC_WARN_ABOUT_RETURN_TYPE = YES_ERROR;
				GCC_WARN_UNDECLARED_SELECTOR = YES;
				GCC_WARN_UNINITIALIZED_AUTOS = YES_AGGRESSIVE;
				GCC_WARN_UNUSED_FUNCTION = YES;
				GCC_WARN_UNUSED_VARIABLE = YES;
				IPHONEOS_DEPLOYMENT_TARGET = 15.2;
				MTL_ENABLE_DEBUG_INFO = NO;
				MTL_FAST_MATH = YES;
				SDKROOT = iphoneos;
				SWIFT_COMPILATION_MODE = wholemodule;
				SWIFT_OPTIMIZATION_LEVEL = "-O";
				VALIDATE_PRODUCT = YES;
			};
			name = Release;
		};
		42DDAC1B2913F51700A55F5B /* Debug */ = {
			isa = XCBuildConfiguration;
			baseConfigurationReference = D9570942400EB817CFC4704D /* Pods-Swift-Email-Tutorial.debug.xcconfig */;
			buildSettings = {
				ASSETCATALOG_COMPILER_APPICON_NAME = AppIcon;
				ASSETCATALOG_COMPILER_GLOBAL_ACCENT_COLOR_NAME = AccentColor;
				CODE_SIGN_STYLE = Automatic;
				CURRENT_PROJECT_VERSION = 1;
				DEVELOPMENT_TEAM = DXHLAG9HB4;
				GENERATE_INFOPLIST_FILE = YES;
				HEADER_SEARCH_PATHS = (
					"$(inherited)",
					"\"${PODS_ROOT}/Headers/Public\"",
					"\"${PODS_ROOT}/Headers/Public/mailcore2-ios\"",
					"\"${PODS_ROOT}/Headers/Public/mailcore2-ios/MailCore\"",
				);
				INFOPLIST_FILE = "Swift-Email-Tutorial/Info.plist";
				INFOPLIST_KEY_UIApplicationSupportsIndirectInputEvents = YES;
				INFOPLIST_KEY_UILaunchStoryboardName = LaunchScreen;
				INFOPLIST_KEY_UISupportedInterfaceOrientations_iPad = "UIInterfaceOrientationPortrait UIInterfaceOrientationPortraitUpsideDown UIInterfaceOrientationLandscapeLeft UIInterfaceOrientationLandscapeRight";
				INFOPLIST_KEY_UISupportedInterfaceOrientations_iPhone = "UIInterfaceOrientationPortrait UIInterfaceOrientationLandscapeLeft UIInterfaceOrientationLandscapeRight";
				LD_RUNPATH_SEARCH_PATHS = (
					"$(inherited)",
					"@executable_path/Frameworks",
				);
				MARKETING_VERSION = 1.0;
				PRODUCT_BUNDLE_IDENTIFIER = "xyz.codebrah.Swift-Email-Tutorial";
				PRODUCT_NAME = "$(TARGET_NAME)";
				SWIFT_EMIT_LOC_STRINGS = YES;
				SWIFT_OBJC_BRIDGING_HEADER = "${SRCROOT}//Swift-Email-Tutorial/MailCore2_bridge.h";
				SWIFT_VERSION = 5.0;
				TARGETED_DEVICE_FAMILY = "1,2";
			};
			name = Debug;
		};
		42DDAC1C2913F51700A55F5B /* Release */ = {
			isa = XCBuildConfiguration;
			baseConfigurationReference = 75CB54994EFB6BF816425ED0 /* Pods-Swift-Email-Tutorial.release.xcconfig */;
			buildSettings = {
				ASSETCATALOG_COMPILER_APPICON_NAME = AppIcon;
				ASSETCATALOG_COMPILER_GLOBAL_ACCENT_COLOR_NAME = AccentColor;
				CODE_SIGN_STYLE = Automatic;
				CURRENT_PROJECT_VERSION = 1;
				DEVELOPMENT_TEAM = DXHLAG9HB4;
				GENERATE_INFOPLIST_FILE = YES;
				HEADER_SEARCH_PATHS = (
					"$(inherited)",
					"\"${PODS_ROOT}/Headers/Public\"",
					"\"${PODS_ROOT}/Headers/Public/mailcore2-ios\"",
					"\"${PODS_ROOT}/Headers/Public/mailcore2-ios/MailCore\"",
				);
				INFOPLIST_FILE = "Swift-Email-Tutorial/Info.plist";
				INFOPLIST_KEY_UIApplicationSupportsIndirectInputEvents = YES;
				INFOPLIST_KEY_UILaunchStoryboardName = LaunchScreen;
				INFOPLIST_KEY_UISupportedInterfaceOrientations_iPad = "UIInterfaceOrientationPortrait UIInterfaceOrientationPortraitUpsideDown UIInterfaceOrientationLandscapeLeft UIInterfaceOrientationLandscapeRight";
				INFOPLIST_KEY_UISupportedInterfaceOrientations_iPhone = "UIInterfaceOrientationPortrait UIInterfaceOrientationLandscapeLeft UIInterfaceOrientationLandscapeRight";
				LD_RUNPATH_SEARCH_PATHS = (
					"$(inherited)",
					"@executable_path/Frameworks",
				);
				MARKETING_VERSION = 1.0;
				PRODUCT_BUNDLE_IDENTIFIER = "xyz.codebrah.Swift-Email-Tutorial";
				PRODUCT_NAME = "$(TARGET_NAME)";
				SWIFT_EMIT_LOC_STRINGS = YES;
				SWIFT_OBJC_BRIDGING_HEADER = "${SRCROOT}//Swift-Email-Tutorial/MailCore2_bridge.h";
				SWIFT_VERSION = 5.0;
				TARGETED_DEVICE_FAMILY = "1,2";
			};
			name = Release;
		};
/* End XCBuildConfiguration section */

/* Begin XCConfigurationList section */
		42DDAC012913F51600A55F5B /* Build configuration list for PBXProject "Swift-Email-Tutorial" */ = {
			isa = XCConfigurationList;
			buildConfigurations = (
				42DDAC182913F51700A55F5B /* Debug */,
				42DDAC192913F51700A55F5B /* Release */,
			);
			defaultConfigurationIsVisible = 0;
			defaultConfigurationName = Release;
		};
		42DDAC1A2913F51700A55F5B /* Build configuration list for PBXNativeTarget "Swift-Email-Tutorial" */ = {
			isa = XCConfigurationList;
			buildConfigurations = (
				42DDAC1B2913F51700A55F5B /* Debug */,
				42DDAC1C2913F51700A55F5B /* Release */,
			);
			defaultConfigurationIsVisible = 0;
			defaultConfigurationName = Release;
		};
/* End XCConfigurationList section */
	};
	rootObject = 42DDABFE2913F51600A55F5B /* Project object */;
}
